
Microsoft Visual Studio Solution File, Format Version 12.00
# Visual Studio Version 16
VisualStudioVersion = 16.0.31205.134
MinimumVisualStudioVersion = 10.0.40219.1
Project("{FAE04EC0-301F-11D3-BF4B-00C04F79EFBC}") = "ProyectoDistribuidora", "ProyectoDistribuidora\ProyectoDistribuidora.csproj", "{FE7EEA97-655D-482A-905B-53F9D7DE67D1}"
EndProject
Global
	GlobalSection(SolutionConfigurationPlatforms) = preSolution
		Debug|Any CPU = Debug|Any CPU
		Release|Any CPU = Release|Any CPU
	EndGlobalSection
	GlobalSection(ProjectConfigurationPlatforms) = postSolution
		{FE7EEA97-655D-482A-905B-53F9D7DE67D1}.Debug|Any CPU.ActiveCfg = Debug|Any CPU
		{FE7EEA97-655D-482A-905B-53F9D7DE67D1}.Debug|Any CPU.Build.0 = Debug|Any CPU
		{FE7EEA97-655D-482A-905B-53F9D7DE67D1}.Release|Any CPU.ActiveCfg = Release|Any CPU
		{FE7EEA97-655D-482A-905B-53F9D7DE67D1}.Release|Any CPU.Build.0 = Release|Any CPU
	EndGlobalSection
	GlobalSection(SolutionProperties) = preSolution
		HideSolutionNode = FALSE
	EndGlobalSection
	GlobalSection(ExtensibilityGlobals) = postSolution
		SolutionGuid = {8EB7B07D-639A-49A5-BF85-6B364BECCB69}
	EndGlobalSection
EndGlobal
